// !$*UTF8*$!
{
	archiveVersion = 1;
	classes = {
	};
	objectVersion = 51;
	objects = {

/* Begin PBXBuildFile section */
		58DFAFE622775184963CC022 /* Pods_Mealody.framework in Frameworks */ = {isa = PBXBuildFile; fileRef = 0DDB52566DCFD3EE90CCD20B /* Pods_Mealody.framework */; };
		E718F21F23B63273008FB262 /* Meal.swift in Sources */ = {isa = PBXBuildFile; fileRef = E718F21E23B63273008FB262 /* Meal.swift */; };
		E718F22123B63612008FB262 /* MealResponse.swift in Sources */ = {isa = PBXBuildFile; fileRef = E718F22023B63612008FB262 /* MealResponse.swift */; };
		E718F22323B63695008FB262 /* RestManager.swift in Sources */ = {isa = PBXBuildFile; fileRef = E718F22223B63695008FB262 /* RestManager.swift */; };
		E718F22623B63802008FB262 /* MealData.xcdatamodeld in Sources */ = {isa = PBXBuildFile; fileRef = E718F22423B63802008FB262 /* MealData.xcdatamodeld */; };
		E71B71A023BD040200A7799B /* RecipeTableViewCell.swift in Sources */ = {isa = PBXBuildFile; fileRef = E71B719E23BD040200A7799B /* RecipeTableViewCell.swift */; };
		E71B71A123BD040200A7799B /* RecipeTableViewCell.xib in Resources */ = {isa = PBXBuildFile; fileRef = E71B719F23BD040200A7799B /* RecipeTableViewCell.xib */; };
		E729554923C4E7A200263B53 /* ListTableViewCell.swift in Sources */ = {isa = PBXBuildFile; fileRef = E729554723C4E7A200263B53 /* ListTableViewCell.swift */; };
		E729554A23C4E7A200263B53 /* ListTableViewCell.xib in Resources */ = {isa = PBXBuildFile; fileRef = E729554823C4E7A200263B53 /* ListTableViewCell.xib */; };
		E735789623C3926B00CCA2E5 /* ListViewController.swift in Sources */ = {isa = PBXBuildFile; fileRef = E735789523C3926B00CCA2E5 /* ListViewController.swift */; };
		E735789E23C3AB8600CCA2E5 /* ListItems.swift in Sources */ = {isa = PBXBuildFile; fileRef = E735789D23C3AB8600CCA2E5 /* ListItems.swift */; };
		E740BA5A23AFC37500787918 /* RecipeViewController.swift in Sources */ = {isa = PBXBuildFile; fileRef = E740BA5923AFC37500787918 /* RecipeViewController.swift */; };
		E740BA5C23AFC48E00787918 /* RecipeView.swift in Sources */ = {isa = PBXBuildFile; fileRef = E740BA5B23AFC48E00787918 /* RecipeView.swift */; };
		E74A8D6123CDE5F800717D4A /* IngredientsViewController.swift in Sources */ = {isa = PBXBuildFile; fileRef = E74A8D6023CDE5F800717D4A /* IngredientsViewController.swift */; };
		E74A8D6323CDED1100717D4A /* Ingredient.swift in Sources */ = {isa = PBXBuildFile; fileRef = E74A8D6223CDED1100717D4A /* Ingredient.swift */; };
		E74A8D6523CDED6F00717D4A /* IngredientResponse.swift in Sources */ = {isa = PBXBuildFile; fileRef = E74A8D6423CDED6F00717D4A /* IngredientResponse.swift */; };
		E74A8D6923CDF51300717D4A /* IngredientTableViewCell.swift in Sources */ = {isa = PBXBuildFile; fileRef = E74A8D6723CDF51300717D4A /* IngredientTableViewCell.swift */; };
		E74A8D6A23CDF51300717D4A /* IngredientTableViewCell.xib in Resources */ = {isa = PBXBuildFile; fileRef = E74A8D6823CDF51300717D4A /* IngredientTableViewCell.xib */; };
		E74A8D6F23CE0FBF00717D4A /* CardViewController.swift in Sources */ = {isa = PBXBuildFile; fileRef = E74A8D6D23CE0FBF00717D4A /* CardViewController.swift */; };
		E74A8D7023CE0FBF00717D4A /* CardViewController.xib in Resources */ = {isa = PBXBuildFile; fileRef = E74A8D6E23CE0FBF00717D4A /* CardViewController.xib */; };
		E74A8D7323CE17F700717D4A /* IngredientCollectionViewCell.swift in Sources */ = {isa = PBXBuildFile; fileRef = E74A8D7123CE17F700717D4A /* IngredientCollectionViewCell.swift */; };
		E74A8D7423CE17F700717D4A /* IngredientCollectionViewCell.xib in Resources */ = {isa = PBXBuildFile; fileRef = E74A8D7223CE17F700717D4A /* IngredientCollectionViewCell.xib */; };
		E76A68C823B693F0008A9919 /* ImageService.swift in Sources */ = {isa = PBXBuildFile; fileRef = E76A68C723B693F0008A9919 /* ImageService.swift */; };
		E7968FFC23BA76C90033C111 /* Extensions.swift in Sources */ = {isa = PBXBuildFile; fileRef = E7968FFB23BA76C90033C111 /* Extensions.swift */; };
		E7A0023223C21AC800D7D055 /* BrowseViewController.swift in Sources */ = {isa = PBXBuildFile; fileRef = E7A0023123C21AC800D7D055 /* BrowseViewController.swift */; };
		E7A3879D23C3C55400228349 /* NavigationViewController.swift in Sources */ = {isa = PBXBuildFile; fileRef = E7A3879C23C3C55400228349 /* NavigationViewController.swift */; };
		E7A71F2123C9D3F00047B598 /* SavedLabel.swift in Sources */ = {isa = PBXBuildFile; fileRef = E7A71F2023C9D3F00047B598 /* SavedLabel.swift */; };
		E7B64D5C23B9F817007C8047 /* PersistenceManager.swift in Sources */ = {isa = PBXBuildFile; fileRef = E7B64D5B23B9F817007C8047 /* PersistenceManager.swift */; };
		E7B64D5F23BA0C19007C8047 /* MealData+CoreDataClass.swift in Sources */ = {isa = PBXBuildFile; fileRef = E7B64D5D23BA0C19007C8047 /* MealData+CoreDataClass.swift */; };
		E7B64D6023BA0C19007C8047 /* MealData+CoreDataProperties.swift in Sources */ = {isa = PBXBuildFile; fileRef = E7B64D5E23BA0C19007C8047 /* MealData+CoreDataProperties.swift */; };
		E7B9E38C23AE3463006557EF /* RandomViewController.swift in Sources */ = {isa = PBXBuildFile; fileRef = E7B9E38B23AE3463006557EF /* RandomViewController.swift */; };
		E7BC4BAD23CF1FEA00073D23 /* RecipesButton.swift in Sources */ = {isa = PBXBuildFile; fileRef = E7BC4BAC23CF1FEA00073D23 /* RecipesButton.swift */; };
		E7BF89A623AA8BBA00F6D152 /* AppDelegate.swift in Sources */ = {isa = PBXBuildFile; fileRef = E7BF89A523AA8BBA00F6D152 /* AppDelegate.swift */; };
		E7BF89A823AA8BBA00F6D152 /* SceneDelegate.swift in Sources */ = {isa = PBXBuildFile; fileRef = E7BF89A723AA8BBA00F6D152 /* SceneDelegate.swift */; };
		E7BF89AA23AA8BBA00F6D152 /* HomeViewController.swift in Sources */ = {isa = PBXBuildFile; fileRef = E7BF89A923AA8BBA00F6D152 /* HomeViewController.swift */; };
		E7BF89AD23AA8BBA00F6D152 /* Main.storyboard in Resources */ = {isa = PBXBuildFile; fileRef = E7BF89AB23AA8BBA00F6D152 /* Main.storyboard */; };
		E7BF89B223AA8BC000F6D152 /* Assets.xcassets in Resources */ = {isa = PBXBuildFile; fileRef = E7BF89B123AA8BC000F6D152 /* Assets.xcassets */; };
		E7BF89B523AA8BC000F6D152 /* LaunchScreen.storyboard in Resources */ = {isa = PBXBuildFile; fileRef = E7BF89B323AA8BC000F6D152 /* LaunchScreen.storyboard */; };
		E7D728EE23CE24EC003A756B /* UpdateChosenIngredientsDelegate.swift in Sources */ = {isa = PBXBuildFile; fileRef = E7D728ED23CE24EC003A756B /* UpdateChosenIngredientsDelegate.swift */; };
		E7D728F023CE2634003A756B /* CellDeletionDelegate.swift in Sources */ = {isa = PBXBuildFile; fileRef = E7D728EF23CE2634003A756B /* CellDeletionDelegate.swift */; };
		E7D728F223CE270C003A756B /* DeselectionDelegate.swift in Sources */ = {isa = PBXBuildFile; fileRef = E7D728F123CE270C003A756B /* DeselectionDelegate.swift */; };
		E7FAA24923BBAFC600E88205 /* RecipeListViewController.swift in Sources */ = {isa = PBXBuildFile; fileRef = E7FAA24823BBAFC600E88205 /* RecipeListViewController.swift */; };
		E7FAA24B23BBB12D00E88205 /* HashableMeal.swift in Sources */ = {isa = PBXBuildFile; fileRef = E7FAA24A23BBB12D00E88205 /* HashableMeal.swift */; };
/* End PBXBuildFile section */

/* Begin PBXFileReference section */
		033CE17D8D8AB7330DFFDC4E /* Pods-Mealody.debug.xcconfig */ = {isa = PBXFileReference; includeInIndex = 1; lastKnownFileType = text.xcconfig; name = "Pods-Mealody.debug.xcconfig"; path = "Target Support Files/Pods-Mealody/Pods-Mealody.debug.xcconfig"; sourceTree = "<group>"; };
		0DDB52566DCFD3EE90CCD20B /* Pods_Mealody.framework */ = {isa = PBXFileReference; explicitFileType = wrapper.framework; includeInIndex = 0; path = Pods_Mealody.framework; sourceTree = BUILT_PRODUCTS_DIR; };
		14794934AC0315C5970AB2AB /* Pods-Mealody.release.xcconfig */ = {isa = PBXFileReference; includeInIndex = 1; lastKnownFileType = text.xcconfig; name = "Pods-Mealody.release.xcconfig"; path = "Target Support Files/Pods-Mealody/Pods-Mealody.release.xcconfig"; sourceTree = "<group>"; };
		E718F21E23B63273008FB262 /* Meal.swift */ = {isa = PBXFileReference; lastKnownFileType = sourcecode.swift; path = Meal.swift; sourceTree = "<group>"; };
		E718F22023B63612008FB262 /* MealResponse.swift */ = {isa = PBXFileReference; lastKnownFileType = sourcecode.swift; path = MealResponse.swift; sourceTree = "<group>"; };
		E718F22223B63695008FB262 /* RestManager.swift */ = {isa = PBXFileReference; lastKnownFileType = sourcecode.swift; path = RestManager.swift; sourceTree = "<group>"; };
		E718F22523B63802008FB262 /* MealData.xcdatamodel */ = {isa = PBXFileReference; lastKnownFileType = wrapper.xcdatamodel; path = MealData.xcdatamodel; sourceTree = "<group>"; };
		E71B719E23BD040200A7799B /* RecipeTableViewCell.swift */ = {isa = PBXFileReference; lastKnownFileType = sourcecode.swift; path = RecipeTableViewCell.swift; sourceTree = "<group>"; };
		E71B719F23BD040200A7799B /* RecipeTableViewCell.xib */ = {isa = PBXFileReference; lastKnownFileType = file.xib; path = RecipeTableViewCell.xib; sourceTree = "<group>"; };
		E729554723C4E7A200263B53 /* ListTableViewCell.swift */ = {isa = PBXFileReference; lastKnownFileType = sourcecode.swift; path = ListTableViewCell.swift; sourceTree = "<group>"; };
		E729554823C4E7A200263B53 /* ListTableViewCell.xib */ = {isa = PBXFileReference; lastKnownFileType = file.xib; path = ListTableViewCell.xib; sourceTree = "<group>"; };
		E735789523C3926B00CCA2E5 /* ListViewController.swift */ = {isa = PBXFileReference; lastKnownFileType = sourcecode.swift; path = ListViewController.swift; sourceTree = "<group>"; };
		E735789D23C3AB8600CCA2E5 /* ListItems.swift */ = {isa = PBXFileReference; lastKnownFileType = sourcecode.swift; path = ListItems.swift; sourceTree = "<group>"; };
		E740BA5923AFC37500787918 /* RecipeViewController.swift */ = {isa = PBXFileReference; lastKnownFileType = sourcecode.swift; path = RecipeViewController.swift; sourceTree = "<group>"; };
		E740BA5B23AFC48E00787918 /* RecipeView.swift */ = {isa = PBXFileReference; lastKnownFileType = sourcecode.swift; path = RecipeView.swift; sourceTree = "<group>"; };
		E74A8D6023CDE5F800717D4A /* IngredientsViewController.swift */ = {isa = PBXFileReference; lastKnownFileType = sourcecode.swift; path = IngredientsViewController.swift; sourceTree = "<group>"; };
		E74A8D6223CDED1100717D4A /* Ingredient.swift */ = {isa = PBXFileReference; lastKnownFileType = sourcecode.swift; path = Ingredient.swift; sourceTree = "<group>"; };
		E74A8D6423CDED6F00717D4A /* IngredientResponse.swift */ = {isa = PBXFileReference; lastKnownFileType = sourcecode.swift; path = IngredientResponse.swift; sourceTree = "<group>"; };
		E74A8D6723CDF51300717D4A /* IngredientTableViewCell.swift */ = {isa = PBXFileReference; lastKnownFileType = sourcecode.swift; path = IngredientTableViewCell.swift; sourceTree = "<group>"; };
		E74A8D6823CDF51300717D4A /* IngredientTableViewCell.xib */ = {isa = PBXFileReference; lastKnownFileType = file.xib; path = IngredientTableViewCell.xib; sourceTree = "<group>"; };
		E74A8D6D23CE0FBF00717D4A /* CardViewController.swift */ = {isa = PBXFileReference; lastKnownFileType = sourcecode.swift; path = CardViewController.swift; sourceTree = "<group>"; };
		E74A8D6E23CE0FBF00717D4A /* CardViewController.xib */ = {isa = PBXFileReference; lastKnownFileType = file.xib; path = CardViewController.xib; sourceTree = "<group>"; };
		E74A8D7123CE17F700717D4A /* IngredientCollectionViewCell.swift */ = {isa = PBXFileReference; lastKnownFileType = sourcecode.swift; path = IngredientCollectionViewCell.swift; sourceTree = "<group>"; };
		E74A8D7223CE17F700717D4A /* IngredientCollectionViewCell.xib */ = {isa = PBXFileReference; lastKnownFileType = file.xib; path = IngredientCollectionViewCell.xib; sourceTree = "<group>"; };
		E76A68C723B693F0008A9919 /* ImageService.swift */ = {isa = PBXFileReference; lastKnownFileType = sourcecode.swift; path = ImageService.swift; sourceTree = "<group>"; };
		E7968FFB23BA76C90033C111 /* Extensions.swift */ = {isa = PBXFileReference; lastKnownFileType = sourcecode.swift; path = Extensions.swift; sourceTree = "<group>"; };
		E7A0023123C21AC800D7D055 /* BrowseViewController.swift */ = {isa = PBXFileReference; lastKnownFileType = sourcecode.swift; path = BrowseViewController.swift; sourceTree = "<group>"; };
		E7A3879C23C3C55400228349 /* NavigationViewController.swift */ = {isa = PBXFileReference; lastKnownFileType = sourcecode.swift; path = NavigationViewController.swift; sourceTree = "<group>"; };
		E7A71F2023C9D3F00047B598 /* SavedLabel.swift */ = {isa = PBXFileReference; lastKnownFileType = sourcecode.swift; path = SavedLabel.swift; sourceTree = "<group>"; };
		E7B64D5B23B9F817007C8047 /* PersistenceManager.swift */ = {isa = PBXFileReference; lastKnownFileType = sourcecode.swift; path = PersistenceManager.swift; sourceTree = "<group>"; };
		E7B64D5D23BA0C19007C8047 /* MealData+CoreDataClass.swift */ = {isa = PBXFileReference; lastKnownFileType = sourcecode.swift; path = "MealData+CoreDataClass.swift"; sourceTree = SOURCE_ROOT; };
		E7B64D5E23BA0C19007C8047 /* MealData+CoreDataProperties.swift */ = {isa = PBXFileReference; lastKnownFileType = sourcecode.swift; path = "MealData+CoreDataProperties.swift"; sourceTree = SOURCE_ROOT; };
		E7B9E38B23AE3463006557EF /* RandomViewController.swift */ = {isa = PBXFileReference; lastKnownFileType = sourcecode.swift; path = RandomViewController.swift; sourceTree = "<group>"; };
		E7BC4BAC23CF1FEA00073D23 /* RecipesButton.swift */ = {isa = PBXFileReference; lastKnownFileType = sourcecode.swift; path = RecipesButton.swift; sourceTree = "<group>"; };
		E7BF89A223AA8BB900F6D152 /* Mealody.app */ = {isa = PBXFileReference; explicitFileType = wrapper.application; includeInIndex = 0; path = Mealody.app; sourceTree = BUILT_PRODUCTS_DIR; };
		E7BF89A523AA8BBA00F6D152 /* AppDelegate.swift */ = {isa = PBXFileReference; lastKnownFileType = sourcecode.swift; path = AppDelegate.swift; sourceTree = "<group>"; };
		E7BF89A723AA8BBA00F6D152 /* SceneDelegate.swift */ = {isa = PBXFileReference; lastKnownFileType = sourcecode.swift; path = SceneDelegate.swift; sourceTree = "<group>"; };
		E7BF89A923AA8BBA00F6D152 /* HomeViewController.swift */ = {isa = PBXFileReference; lastKnownFileType = sourcecode.swift; path = HomeViewController.swift; sourceTree = "<group>"; };
		E7BF89AC23AA8BBA00F6D152 /* Base */ = {isa = PBXFileReference; lastKnownFileType = file.storyboard; name = Base; path = Base.lproj/Main.storyboard; sourceTree = "<group>"; };
		E7BF89B123AA8BC000F6D152 /* Assets.xcassets */ = {isa = PBXFileReference; lastKnownFileType = folder.assetcatalog; path = Assets.xcassets; sourceTree = "<group>"; };
		E7BF89B423AA8BC000F6D152 /* Base */ = {isa = PBXFileReference; lastKnownFileType = file.storyboard; name = Base; path = Base.lproj/LaunchScreen.storyboard; sourceTree = "<group>"; };
		E7BF89B623AA8BC000F6D152 /* Info.plist */ = {isa = PBXFileReference; lastKnownFileType = text.plist.xml; path = Info.plist; sourceTree = "<group>"; };
		E7D728ED23CE24EC003A756B /* UpdateChosenIngredientsDelegate.swift */ = {isa = PBXFileReference; lastKnownFileType = sourcecode.swift; path = UpdateChosenIngredientsDelegate.swift; sourceTree = "<group>"; };
		E7D728EF23CE2634003A756B /* CellDeletionDelegate.swift */ = {isa = PBXFileReference; lastKnownFileType = sourcecode.swift; path = CellDeletionDelegate.swift; sourceTree = "<group>"; };
		E7D728F123CE270C003A756B /* DeselectionDelegate.swift */ = {isa = PBXFileReference; lastKnownFileType = sourcecode.swift; path = DeselectionDelegate.swift; sourceTree = "<group>"; };
		E7FAA24823BBAFC600E88205 /* RecipeListViewController.swift */ = {isa = PBXFileReference; lastKnownFileType = sourcecode.swift; path = RecipeListViewController.swift; sourceTree = "<group>"; };
		E7FAA24A23BBB12D00E88205 /* HashableMeal.swift */ = {isa = PBXFileReference; lastKnownFileType = sourcecode.swift; path = HashableMeal.swift; sourceTree = "<group>"; };
/* End PBXFileReference section */

/* Begin PBXFrameworksBuildPhase section */
		E7BF899F23AA8BB900F6D152 /* Frameworks */ = {
			isa = PBXFrameworksBuildPhase;
			buildActionMask = 2147483647;
			files = (
				58DFAFE622775184963CC022 /* Pods_Mealody.framework in Frameworks */,
			);
			runOnlyForDeploymentPostprocessing = 0;
		};
/* End PBXFrameworksBuildPhase section */

/* Begin PBXGroup section */
		63562E80D562BDEF5299EF21 /* Pods */ = {
			isa = PBXGroup;
			children = (
				033CE17D8D8AB7330DFFDC4E /* Pods-Mealody.debug.xcconfig */,
				14794934AC0315C5970AB2AB /* Pods-Mealody.release.xcconfig */,
			);
			path = Pods;
			sourceTree = "<group>";
		};
		83CB5C9DD3B75ECBAFB66246 /* Frameworks */ = {
			isa = PBXGroup;
			children = (
				0DDB52566DCFD3EE90CCD20B /* Pods_Mealody.framework */,
			);
			name = Frameworks;
			sourceTree = "<group>";
		};
		E718F22F23B64087008FB262 /* Model */ = {
			isa = PBXGroup;
			children = (
				E7B64D5D23BA0C19007C8047 /* MealData+CoreDataClass.swift */,
				E7B64D5E23BA0C19007C8047 /* MealData+CoreDataProperties.swift */,
				E718F22423B63802008FB262 /* MealData.xcdatamodeld */,
			);
			path = Model;
			sourceTree = "<group>";
		};
		E718F23023B6411A008FB262 /* RestManager */ = {
			isa = PBXGroup;
			children = (
				E735789723C3935900CCA2E5 /* MealResponse */,
				E718F22223B63695008FB262 /* RestManager.swift */,
				E74A8D6623CDED9500717D4A /* IngredientResponse */,
			);
			path = RestManager;
			sourceTree = "<group>";
		};
		E71B71A323BD1A2900A7799B /* RecipeList */ = {
			isa = PBXGroup;
			children = (
				E7FAA24823BBAFC600E88205 /* RecipeListViewController.swift */,
				E7FAA24A23BBB12D00E88205 /* HashableMeal.swift */,
				E71B719E23BD040200A7799B /* RecipeTableViewCell.swift */,
				E71B719F23BD040200A7799B /* RecipeTableViewCell.xib */,
			);
			path = RecipeList;
			sourceTree = "<group>";
		};
		E729554B23C5012100263B53 /* ListVC */ = {
			isa = PBXGroup;
			children = (
				E735789523C3926B00CCA2E5 /* ListViewController.swift */,
				E735789D23C3AB8600CCA2E5 /* ListItems.swift */,
				E729554723C4E7A200263B53 /* ListTableViewCell.swift */,
				E729554823C4E7A200263B53 /* ListTableViewCell.xib */,
			);
			path = ListVC;
			sourceTree = "<group>";
		};
		E735789723C3935900CCA2E5 /* MealResponse */ = {
			isa = PBXGroup;
			children = (
				E718F21E23B63273008FB262 /* Meal.swift */,
				E718F22023B63612008FB262 /* MealResponse.swift */,
			);
			path = MealResponse;
			sourceTree = "<group>";
		};
		E74A8D6623CDED9500717D4A /* IngredientResponse */ = {
			isa = PBXGroup;
			children = (
				E74A8D6223CDED1100717D4A /* Ingredient.swift */,
				E74A8D6423CDED6F00717D4A /* IngredientResponse.swift */,
			);
			path = IngredientResponse;
			sourceTree = "<group>";
		};
		E74A8D6B23CDF52600717D4A /* IngredientsVC */ = {
			isa = PBXGroup;
			children = (
				E7D728EC23CE24AA003A756B /* Protocols */,
				E74A8D6C23CE0A6400717D4A /* CardVC */,
				E74A8D6023CDE5F800717D4A /* IngredientsViewController.swift */,
				E74A8D6723CDF51300717D4A /* IngredientTableViewCell.swift */,
				E74A8D6823CDF51300717D4A /* IngredientTableViewCell.xib */,
			);
			path = IngredientsVC;
			sourceTree = "<group>";
		};
		E74A8D6C23CE0A6400717D4A /* CardVC */ = {
			isa = PBXGroup;
			children = (
				E74A8D6D23CE0FBF00717D4A /* CardViewController.swift */,
				E74A8D6E23CE0FBF00717D4A /* CardViewController.xib */,
				E74A8D7123CE17F700717D4A /* IngredientCollectionViewCell.swift */,
				E74A8D7223CE17F700717D4A /* IngredientCollectionViewCell.xib */,
			);
			path = CardVC;
			sourceTree = "<group>";
		};
		E76E316923AD2AE700187E9B /* Supporting Files */ = {
			isa = PBXGroup;
			children = (
				E7BF89A523AA8BBA00F6D152 /* AppDelegate.swift */,
				E7BF89A723AA8BBA00F6D152 /* SceneDelegate.swift */,
				E7BF89B323AA8BC000F6D152 /* LaunchScreen.storyboard */,
				E7BF89B623AA8BC000F6D152 /* Info.plist */,
			);
			path = "Supporting Files";
			sourceTree = "<group>";
		};
		E7A0023023C21A7000D7D055 /* RecipeVC */ = {
			isa = PBXGroup;
			children = (
				E740BA5923AFC37500787918 /* RecipeViewController.swift */,
				E740BA5B23AFC48E00787918 /* RecipeView.swift */,
			);
			path = RecipeVC;
			sourceTree = "<group>";
		};
		E7BF899923AA8BB900F6D152 = {
			isa = PBXGroup;
			children = (
				E7BF89A423AA8BB900F6D152 /* Mealody */,
				E7BF89A323AA8BB900F6D152 /* Products */,
				63562E80D562BDEF5299EF21 /* Pods */,
				83CB5C9DD3B75ECBAFB66246 /* Frameworks */,
			);
			sourceTree = "<group>";
		};
		E7BF89A323AA8BB900F6D152 /* Products */ = {
			isa = PBXGroup;
			children = (
				E7BF89A223AA8BB900F6D152 /* Mealody.app */,
			);
			name = Products;
			sourceTree = "<group>";
		};
		E7BF89A423AA8BB900F6D152 /* Mealody */ = {
			isa = PBXGroup;
			children = (
				E718F22F23B64087008FB262 /* Model */,
				E7BF89A923AA8BBA00F6D152 /* HomeViewController.swift */,
				E7B9E38B23AE3463006557EF /* RandomViewController.swift */,
				E7A0023023C21A7000D7D055 /* RecipeVC */,
				E7A0023123C21AC800D7D055 /* BrowseViewController.swift */,
				E71B71A323BD1A2900A7799B /* RecipeList */,
				E729554B23C5012100263B53 /* ListVC */,
				E7BF89AB23AA8BBA00F6D152 /* Main.storyboard */,
				E7BF89B123AA8BC000F6D152 /* Assets.xcassets */,
				E76E316923AD2AE700187E9B /* Supporting Files */,
				E718F23023B6411A008FB262 /* RestManager */,
				E76A68C723B693F0008A9919 /* ImageService.swift */,
				E7B64D5B23B9F817007C8047 /* PersistenceManager.swift */,
				E7968FFB23BA76C90033C111 /* Extensions.swift */,
				E7A3879C23C3C55400228349 /* NavigationViewController.swift */,
				E7A71F2023C9D3F00047B598 /* SavedLabel.swift */,
				E7BC4BAC23CF1FEA00073D23 /* RecipesButton.swift */,
				E74A8D6B23CDF52600717D4A /* IngredientsVC */,
			);
			path = Mealody;
			sourceTree = "<group>";
		};
		E7D728EC23CE24AA003A756B /* Protocols */ = {
			isa = PBXGroup;
			children = (
				E7D728ED23CE24EC003A756B /* UpdateChosenIngredientsDelegate.swift */,
				E7D728EF23CE2634003A756B /* CellDeletionDelegate.swift */,
				E7D728F123CE270C003A756B /* DeselectionDelegate.swift */,
			);
			path = Protocols;
			sourceTree = "<group>";
		};
/* End PBXGroup section */

/* Begin PBXNativeTarget section */
		E7BF89A123AA8BB900F6D152 /* Mealody */ = {
			isa = PBXNativeTarget;
			buildConfigurationList = E7BF89B923AA8BC000F6D152 /* Build configuration list for PBXNativeTarget "Mealody" */;
			buildPhases = (
				1851D6D68AD897C33901B7E9 /* [CP] Check Pods Manifest.lock */,
				E7BF899E23AA8BB900F6D152 /* Sources */,
				E7BF899F23AA8BB900F6D152 /* Frameworks */,
				E7BF89A023AA8BB900F6D152 /* Resources */,
				009375F218E1CFF671E86E3F /* [CP] Embed Pods Frameworks */,
			);
			buildRules = (
			);
			dependencies = (
			);
			name = Mealody;
			productName = Mealody;
			productReference = E7BF89A223AA8BB900F6D152 /* Mealody.app */;
			productType = "com.apple.product-type.application";
		};
/* End PBXNativeTarget section */

/* Begin PBXProject section */
		E7BF899A23AA8BB900F6D152 /* Project object */ = {
			isa = PBXProject;
			attributes = {
				LastSwiftUpdateCheck = 1130;
				LastUpgradeCheck = 1130;
				ORGANIZATIONNAME = "Gyorgy Borz";
				TargetAttributes = {
					E7BF89A123AA8BB900F6D152 = {
						CreatedOnToolsVersion = 11.3;
					};
				};
			};
			buildConfigurationList = E7BF899D23AA8BB900F6D152 /* Build configuration list for PBXProject "Mealody" */;
			compatibilityVersion = "Xcode 9.3";
			developmentRegion = en;
			hasScannedForEncodings = 0;
			knownRegions = (
				en,
				Base,
			);
			mainGroup = E7BF899923AA8BB900F6D152;
			productRefGroup = E7BF89A323AA8BB900F6D152 /* Products */;
			projectDirPath = "";
			projectRoot = "";
			targets = (
				E7BF89A123AA8BB900F6D152 /* Mealody */,
			);
		};
/* End PBXProject section */

/* Begin PBXResourcesBuildPhase section */
		E7BF89A023AA8BB900F6D152 /* Resources */ = {
			isa = PBXResourcesBuildPhase;
			buildActionMask = 2147483647;
			files = (
				E74A8D6A23CDF51300717D4A /* IngredientTableViewCell.xib in Resources */,
				E7BF89B523AA8BC000F6D152 /* LaunchScreen.storyboard in Resources */,
				E74A8D7423CE17F700717D4A /* IngredientCollectionViewCell.xib in Resources */,
				E7BF89B223AA8BC000F6D152 /* Assets.xcassets in Resources */,
				E7BF89AD23AA8BBA00F6D152 /* Main.storyboard in Resources */,
				E74A8D7023CE0FBF00717D4A /* CardViewController.xib in Resources */,
				E71B71A123BD040200A7799B /* RecipeTableViewCell.xib in Resources */,
				E729554A23C4E7A200263B53 /* ListTableViewCell.xib in Resources */,
			);
			runOnlyForDeploymentPostprocessing = 0;
		};
/* End PBXResourcesBuildPhase section */

/* Begin PBXShellScriptBuildPhase section */
		009375F218E1CFF671E86E3F /* [CP] Embed Pods Frameworks */ = {
			isa = PBXShellScriptBuildPhase;
			buildActionMask = 2147483647;
			files = (
			);
			inputFileListPaths = (
				"${PODS_ROOT}/Target Support Files/Pods-Mealody/Pods-Mealody-frameworks-${CONFIGURATION}-input-files.xcfilelist",
			);
			name = "[CP] Embed Pods Frameworks";
			outputFileListPaths = (
				"${PODS_ROOT}/Target Support Files/Pods-Mealody/Pods-Mealody-frameworks-${CONFIGURATION}-output-files.xcfilelist",
			);
			runOnlyForDeploymentPostprocessing = 0;
			shellPath = /bin/sh;
			shellScript = "\"${PODS_ROOT}/Target Support Files/Pods-Mealody/Pods-Mealody-frameworks.sh\"\n";
			showEnvVarsInLog = 0;
		};
		1851D6D68AD897C33901B7E9 /* [CP] Check Pods Manifest.lock */ = {
			isa = PBXShellScriptBuildPhase;
			buildActionMask = 2147483647;
			files = (
			);
			inputFileListPaths = (
			);
			inputPaths = (
				"${PODS_PODFILE_DIR_PATH}/Podfile.lock",
				"${PODS_ROOT}/Manifest.lock",
			);
			name = "[CP] Check Pods Manifest.lock";
			outputFileListPaths = (
			);
			outputPaths = (
				"$(DERIVED_FILE_DIR)/Pods-Mealody-checkManifestLockResult.txt",
			);
			runOnlyForDeploymentPostprocessing = 0;
			shellPath = /bin/sh;
			shellScript = "diff \"${PODS_PODFILE_DIR_PATH}/Podfile.lock\" \"${PODS_ROOT}/Manifest.lock\" > /dev/null\nif [ $? != 0 ] ; then\n    # print error to STDERR\n    echo \"error: The sandbox is not in sync with the Podfile.lock. Run 'pod install' or update your CocoaPods installation.\" >&2\n    exit 1\nfi\n# This output is used by Xcode 'outputs' to avoid re-running this script phase.\necho \"SUCCESS\" > \"${SCRIPT_OUTPUT_FILE_0}\"\n";
			showEnvVarsInLog = 0;
		};
/* End PBXShellScriptBuildPhase section */

/* Begin PBXSourcesBuildPhase section */
		E7BF899E23AA8BB900F6D152 /* Sources */ = {
			isa = PBXSourcesBuildPhase;
			buildActionMask = 2147483647;
			files = (
				E74A8D6123CDE5F800717D4A /* IngredientsViewController.swift in Sources */,
				E718F22323B63695008FB262 /* RestManager.swift in Sources */,
				E7B64D5C23B9F817007C8047 /* PersistenceManager.swift in Sources */,
				E729554923C4E7A200263B53 /* ListTableViewCell.swift in Sources */,
				E7D728F023CE2634003A756B /* CellDeletionDelegate.swift in Sources */,
				E740BA5C23AFC48E00787918 /* RecipeView.swift in Sources */,
				E71B71A023BD040200A7799B /* RecipeTableViewCell.swift in Sources */,
				E718F22623B63802008FB262 /* MealData.xcdatamodeld in Sources */,
				E7BF89AA23AA8BBA00F6D152 /* HomeViewController.swift in Sources */,
				E7D728F223CE270C003A756B /* DeselectionDelegate.swift in Sources */,
				E7B64D5F23BA0C19007C8047 /* MealData+CoreDataClass.swift in Sources */,
				E718F21F23B63273008FB262 /* Meal.swift in Sources */,
				E718F22123B63612008FB262 /* MealResponse.swift in Sources */,
				E7B64D6023BA0C19007C8047 /* MealData+CoreDataProperties.swift in Sources */,
				E7FAA24B23BBB12D00E88205 /* HashableMeal.swift in Sources */,
				E74A8D6F23CE0FBF00717D4A /* CardViewController.swift in Sources */,
				E7B9E38C23AE3463006557EF /* RandomViewController.swift in Sources */,
				E74A8D7323CE17F700717D4A /* IngredientCollectionViewCell.swift in Sources */,
				E74A8D6323CDED1100717D4A /* Ingredient.swift in Sources */,
				E7A3879D23C3C55400228349 /* NavigationViewController.swift in Sources */,
				E74A8D6923CDF51300717D4A /* IngredientTableViewCell.swift in Sources */,
				E7D728EE23CE24EC003A756B /* UpdateChosenIngredientsDelegate.swift in Sources */,
				E735789E23C3AB8600CCA2E5 /* ListItems.swift in Sources */,
				E7A0023223C21AC800D7D055 /* BrowseViewController.swift in Sources */,
				E7968FFC23BA76C90033C111 /* Extensions.swift in Sources */,
				E76A68C823B693F0008A9919 /* ImageService.swift in Sources */,
				E7FAA24923BBAFC600E88205 /* RecipeListViewController.swift in Sources */,
				E7BF89A623AA8BBA00F6D152 /* AppDelegate.swift in Sources */,
				E7BF89A823AA8BBA00F6D152 /* SceneDelegate.swift in Sources */,
				E735789623C3926B00CCA2E5 /* ListViewController.swift in Sources */,
				E74A8D6523CDED6F00717D4A /* IngredientResponse.swift in Sources */,
				E7A71F2123C9D3F00047B598 /* SavedLabel.swift in Sources */,
				E740BA5A23AFC37500787918 /* RecipeViewController.swift in Sources */,
				E7BC4BAD23CF1FEA00073D23 /* RecipesButton.swift in Sources */,
			);
			runOnlyForDeploymentPostprocessing = 0;
		};
/* End PBXSourcesBuildPhase section */

/* Begin PBXVariantGroup section */
		E7BF89AB23AA8BBA00F6D152 /* Main.storyboard */ = {
			isa = PBXVariantGroup;
			children = (
				E7BF89AC23AA8BBA00F6D152 /* Base */,
			);
			name = Main.storyboard;
			sourceTree = "<group>";
		};
		E7BF89B323AA8BC000F6D152 /* LaunchScreen.storyboard */ = {
			isa = PBXVariantGroup;
			children = (
				E7BF89B423AA8BC000F6D152 /* Base */,
			);
			name = LaunchScreen.storyboard;
			sourceTree = "<group>";
		};
/* End PBXVariantGroup section */

/* Begin XCBuildConfiguration section */
		E7BF89B723AA8BC000F6D152 /* Debug */ = {
			isa = XCBuildConfiguration;
			buildSettings = {
				ALWAYS_SEARCH_USER_PATHS = NO;
				CLANG_ANALYZER_NONNULL = YES;
				CLANG_ANALYZER_NUMBER_OBJECT_CONVERSION = YES_AGGRESSIVE;
				CLANG_CXX_LANGUAGE_STANDARD = "gnu++14";
				CLANG_CXX_LIBRARY = "libc++";
				CLANG_ENABLE_MODULES = YES;
				CLANG_ENABLE_OBJC_ARC = YES;
				CLANG_ENABLE_OBJC_WEAK = YES;
				CLANG_WARN_BLOCK_CAPTURE_AUTORELEASING = YES;
				CLANG_WARN_BOOL_CONVERSION = YES;
				CLANG_WARN_COMMA = YES;
				CLANG_WARN_CONSTANT_CONVERSION = YES;
				CLANG_WARN_DEPRECATED_OBJC_IMPLEMENTATIONS = YES;
				CLANG_WARN_DIRECT_OBJC_ISA_USAGE = YES_ERROR;
				CLANG_WARN_DOCUMENTATION_COMMENTS = YES;
				CLANG_WARN_EMPTY_BODY = YES;
				CLANG_WARN_ENUM_CONVERSION = YES;
				CLANG_WARN_INFINITE_RECURSION = YES;
				CLANG_WARN_INT_CONVERSION = YES;
				CLANG_WARN_NON_LITERAL_NULL_CONVERSION = YES;
				CLANG_WARN_OBJC_IMPLICIT_RETAIN_SELF = YES;
				CLANG_WARN_OBJC_LITERAL_CONVERSION = YES;
				CLANG_WARN_OBJC_ROOT_CLASS = YES_ERROR;
				CLANG_WARN_RANGE_LOOP_ANALYSIS = YES;
				CLANG_WARN_STRICT_PROTOTYPES = YES;
				CLANG_WARN_SUSPICIOUS_MOVE = YES;
				CLANG_WARN_UNGUARDED_AVAILABILITY = YES_AGGRESSIVE;
				CLANG_WARN_UNREACHABLE_CODE = YES;
				CLANG_WARN__DUPLICATE_METHOD_MATCH = YES;
				COPY_PHASE_STRIP = NO;
				DEBUG_INFORMATION_FORMAT = dwarf;
				ENABLE_STRICT_OBJC_MSGSEND = YES;
				ENABLE_TESTABILITY = YES;
				GCC_C_LANGUAGE_STANDARD = gnu11;
				GCC_DYNAMIC_NO_PIC = NO;
				GCC_NO_COMMON_BLOCKS = YES;
				GCC_OPTIMIZATION_LEVEL = 0;
				GCC_PREPROCESSOR_DEFINITIONS = (
					"DEBUG=1",
					"$(inherited)",
				);
				GCC_WARN_64_TO_32_BIT_CONVERSION = YES;
				GCC_WARN_ABOUT_RETURN_TYPE = YES_ERROR;
				GCC_WARN_UNDECLARED_SELECTOR = YES;
				GCC_WARN_UNINITIALIZED_AUTOS = YES_AGGRESSIVE;
				GCC_WARN_UNUSED_FUNCTION = YES;
				GCC_WARN_UNUSED_VARIABLE = YES;
				IPHONEOS_DEPLOYMENT_TARGET = 13.0;
				MTL_ENABLE_DEBUG_INFO = INCLUDE_SOURCE;
				MTL_FAST_MATH = YES;
				ONLY_ACTIVE_ARCH = YES;
				SDKROOT = iphoneos;
				SWIFT_ACTIVE_COMPILATION_CONDITIONS = DEBUG;
				SWIFT_OPTIMIZATION_LEVEL = "-Onone";
			};
			name = Debug;
		};
		E7BF89B823AA8BC000F6D152 /* Release */ = {
			isa = XCBuildConfiguration;
			buildSettings = {
				ALWAYS_SEARCH_USER_PATHS = NO;
				CLANG_ANALYZER_NONNULL = YES;
				CLANG_ANALYZER_NUMBER_OBJECT_CONVERSION = YES_AGGRESSIVE;
				CLANG_CXX_LANGUAGE_STANDARD = "gnu++14";
				CLANG_CXX_LIBRARY = "libc++";
				CLANG_ENABLE_MODULES = YES;
				CLANG_ENABLE_OBJC_ARC = YES;
				CLANG_ENABLE_OBJC_WEAK = YES;
				CLANG_WARN_BLOCK_CAPTURE_AUTORELEASING = YES;
				CLANG_WARN_BOOL_CONVERSION = YES;
				CLANG_WARN_COMMA = YES;
				CLANG_WARN_CONSTANT_CONVERSION = YES;
				CLANG_WARN_DEPRECATED_OBJC_IMPLEMENTATIONS = YES;
				CLANG_WARN_DIRECT_OBJC_ISA_USAGE = YES_ERROR;
				CLANG_WARN_DOCUMENTATION_COMMENTS = YES;
				CLANG_WARN_EMPTY_BODY = YES;
				CLANG_WARN_ENUM_CONVERSION = YES;
				CLANG_WARN_INFINITE_RECURSION = YES;
				CLANG_WARN_INT_CONVERSION = YES;
				CLANG_WARN_NON_LITERAL_NULL_CONVERSION = YES;
				CLANG_WARN_OBJC_IMPLICIT_RETAIN_SELF = YES;
				CLANG_WARN_OBJC_LITERAL_CONVERSION = YES;
				CLANG_WARN_OBJC_ROOT_CLASS = YES_ERROR;
				CLANG_WARN_RANGE_LOOP_ANALYSIS = YES;
				CLANG_WARN_STRICT_PROTOTYPES = YES;
				CLANG_WARN_SUSPICIOUS_MOVE = YES;
				CLANG_WARN_UNGUARDED_AVAILABILITY = YES_AGGRESSIVE;
				CLANG_WARN_UNREACHABLE_CODE = YES;
				CLANG_WARN__DUPLICATE_METHOD_MATCH = YES;
				COPY_PHASE_STRIP = NO;
				DEBUG_INFORMATION_FORMAT = "dwarf-with-dsym";
				ENABLE_NS_ASSERTIONS = NO;
				ENABLE_STRICT_OBJC_MSGSEND = YES;
				GCC_C_LANGUAGE_STANDARD = gnu11;
				GCC_NO_COMMON_BLOCKS = YES;
				GCC_WARN_64_TO_32_BIT_CONVERSION = YES;
				GCC_WARN_ABOUT_RETURN_TYPE = YES_ERROR;
				GCC_WARN_UNDECLARED_SELECTOR = YES;
				GCC_WARN_UNINITIALIZED_AUTOS = YES_AGGRESSIVE;
				GCC_WARN_UNUSED_FUNCTION = YES;
				GCC_WARN_UNUSED_VARIABLE = YES;
				IPHONEOS_DEPLOYMENT_TARGET = 13.0;
				MTL_ENABLE_DEBUG_INFO = NO;
				MTL_FAST_MATH = YES;
				SDKROOT = iphoneos;
				SWIFT_COMPILATION_MODE = wholemodule;
				SWIFT_OPTIMIZATION_LEVEL = "-O";
				VALIDATE_PRODUCT = YES;
			};
			name = Release;
		};
		E7BF89BA23AA8BC000F6D152 /* Debug */ = {
			isa = XCBuildConfiguration;
			baseConfigurationReference = 033CE17D8D8AB7330DFFDC4E /* Pods-Mealody.debug.xcconfig */;
			buildSettings = {
				ASSETCATALOG_COMPILER_APPICON_NAME = AppIcon;
				CODE_SIGN_STYLE = Automatic;
				DEVELOPMENT_TEAM = 62RRN86UA9;
				INFOPLIST_FILE = "$(SRCROOT)/Mealody/Supporting Files/Info.plist";
				LD_RUNPATH_SEARCH_PATHS = (
					"$(inherited)",
					"@executable_path/Frameworks",
				);
				PRODUCT_BUNDLE_IDENTIFIER = com.gyorgyborz.Mealody;
				PRODUCT_NAME = "$(TARGET_NAME)";
				SWIFT_VERSION = 5.0;
				TARGETED_DEVICE_FAMILY = 1;
			};
			name = Debug;
		};
		E7BF89BB23AA8BC000F6D152 /* Release */ = {
			isa = XCBuildConfiguration;
			baseConfigurationReference = 14794934AC0315C5970AB2AB /* Pods-Mealody.release.xcconfig */;
			buildSettings = {
				ASSETCATALOG_COMPILER_APPICON_NAME = AppIcon;
				CODE_SIGN_STYLE = Automatic;
				DEVELOPMENT_TEAM = 62RRN86UA9;
				INFOPLIST_FILE = "$(SRCROOT)/Mealody/Supporting Files/Info.plist";
				LD_RUNPATH_SEARCH_PATHS = (
					"$(inherited)",
					"@executable_path/Frameworks",
				);
				PRODUCT_BUNDLE_IDENTIFIER = com.gyorgyborz.Mealody;
				PRODUCT_NAME = "$(TARGET_NAME)";
				SWIFT_VERSION = 5.0;
				TARGETED_DEVICE_FAMILY = 1;
			};
			name = Release;
		};
/* End XCBuildConfiguration section */

/* Begin XCConfigurationList section */
		E7BF899D23AA8BB900F6D152 /* Build configuration list for PBXProject "Mealody" */ = {
			isa = XCConfigurationList;
			buildConfigurations = (
				E7BF89B723AA8BC000F6D152 /* Debug */,
				E7BF89B823AA8BC000F6D152 /* Release */,
			);
			defaultConfigurationIsVisible = 0;
			defaultConfigurationName = Release;
		};
		E7BF89B923AA8BC000F6D152 /* Build configuration list for PBXNativeTarget "Mealody" */ = {
			isa = XCConfigurationList;
			buildConfigurations = (
				E7BF89BA23AA8BC000F6D152 /* Debug */,
				E7BF89BB23AA8BC000F6D152 /* Release */,
			);
			defaultConfigurationIsVisible = 0;
			defaultConfigurationName = Release;
		};
/* End XCConfigurationList section */

/* Begin XCVersionGroup section */
		E718F22423B63802008FB262 /* MealData.xcdatamodeld */ = {
			isa = XCVersionGroup;
			children = (
				E718F22523B63802008FB262 /* MealData.xcdatamodel */,
			);
			currentVersion = E718F22523B63802008FB262 /* MealData.xcdatamodel */;
			path = MealData.xcdatamodeld;
			sourceTree = "<group>";
			versionGroupType = wrapper.xcdatamodel;
		};
/* End XCVersionGroup section */
	};
	rootObject = E7BF899A23AA8BB900F6D152 /* Project object */;
}
